
Microsoft Visual Studio Solution File, Format Version 12.00
# Visual Studio Version 16
VisualStudioVersion = 16.0.30225.117
MinimumVisualStudioVersion = 10.0.40219.1
Project("{FAE04EC0-301F-11D3-BF4B-00C04F79EFBC}") = "Bytemark.DNS", "Bytemark.DNS\Bytemark.DNS.csproj", "{E4834346-34F1-44E0-9AEA-A515F02C53E7}"
EndProject
Global
	GlobalSection(SolutionConfigurationPlatforms) = preSolution
		Debug|Any CPU = Debug|Any CPU
		Release|Any CPU = Release|Any CPU
	EndGlobalSection
	GlobalSection(ProjectConfigurationPlatforms) = postSolution
		{E4834346-34F1-44E0-9AEA-A515F02C53E7}.Debug|Any CPU.ActiveCfg = Debug|Any CPU
		{E4834346-34F1-44E0-9AEA-A515F02C53E7}.Debug|Any CPU.Build.0 = Debug|Any CPU
		{E4834346-34F1-44E0-9AEA-A515F02C53E7}.Release|Any CPU.ActiveCfg = Release|Any CPU
		{E4834346-34F1-44E0-9AEA-A515F02C53E7}.Release|Any CPU.Build.0 = Release|Any CPU
	EndGlobalSection
	GlobalSection(SolutionProperties) = preSolution
		HideSolutionNode = FALSE
	EndGlobalSection
	GlobalSection(ExtensibilityGlobals) = postSolution
		SolutionGuid = {52F3828F-3780-430C-9A53-95698CC9C920}
	EndGlobalSection
EndGlobal
